
Microsoft Visual Studio Solution File, Format Version 12.00
# Visual Studio Version 17
VisualStudioVersion = 17.9.34728.123
MinimumVisualStudioVersion = 10.0.40219.1
Project("{9A19103F-16F7-4668-BE54-9A1E7A4F7556}") = "Easy.ApplicationDesk", "Easy.Application\Easy.ApplicationDesk.csproj", "{8DE82655-B8C4-464E-A02F-2604C3F031C0}"
EndProject
Project("{9A19103F-16F7-4668-BE54-9A1E7A4F7556}") = "Easy.Services", "Easy.Services\Easy.Services.csproj", "{81EE99DC-B898-4081-A212-2707BC3B017C}"
EndProject
Global
	GlobalSection(SolutionConfigurationPlatforms) = preSolution
		Debug|Any CPU = Debug|Any CPU
		Release|Any CPU = Release|Any CPU
	EndGlobalSection
	GlobalSection(ProjectConfigurationPlatforms) = postSolution
		{8DE82655-B8C4-464E-A02F-2604C3F031C0}.Debug|Any CPU.ActiveCfg = Debug|Any CPU
		{8DE82655-B8C4-464E-A02F-2604C3F031C0}.Debug|Any CPU.Build.0 = Debug|Any CPU
		{8DE82655-B8C4-464E-A02F-2604C3F031C0}.Release|Any CPU.ActiveCfg = Release|Any CPU
		{8DE82655-B8C4-464E-A02F-2604C3F031C0}.Release|Any CPU.Build.0 = Release|Any CPU
		{81EE99DC-B898-4081-A212-2707BC3B017C}.Debug|Any CPU.ActiveCfg = Debug|Any CPU
		{81EE99DC-B898-4081-A212-2707BC3B017C}.Debug|Any CPU.Build.0 = Debug|Any CPU
		{81EE99DC-B898-4081-A212-2707BC3B017C}.Release|Any CPU.ActiveCfg = Release|Any CPU
		{81EE99DC-B898-4081-A212-2707BC3B017C}.Release|Any CPU.Build.0 = Release|Any CPU
	EndGlobalSection
	GlobalSection(SolutionProperties) = preSolution
		HideSolutionNode = FALSE
	EndGlobalSection
	GlobalSection(ExtensibilityGlobals) = postSolution
		SolutionGuid = {0CF9FCB8-2489-4485-AD5D-498EF75EF973}
	EndGlobalSection
EndGlobal
